// !$*UTF8*$!
{
	archiveVersion = 1;
	classes = {
	};
	objectVersion = 77;
	objects = {

/* Begin PBXBuildFile section */
		067062F696E3D9F24E10A6F7 /* SymvibeKit in Frameworks */ = {isa = PBXBuildFile; productRef = 7798CDD0F1DBBACD568BE3F9 /* SymvibeKit */; };
		0E4AEC1D32093302D2B1553D /* DoctorView.swift in Sources */ = {isa = PBXBuildFile; fileRef = AF6EC7E85B9555FD383620AA /* DoctorView.swift */; };
		15993F71526A380CC9137F2D /* SymvibeApp.swift in Sources */ = {isa = PBXBuildFile; fileRef = 66B08466C6C1CD4305ED9A0F /* SymvibeApp.swift */; };
		203971F2C96A8EF3F86DD167 /* EngineManager.swift in Sources */ = {isa = PBXBuildFile; fileRef = 2533DFB48FD93859F2B67D17 /* EngineManager.swift */; };
		2347E95F24900BB1A7D16401 /* OnboardingView.swift in Sources */ = {isa = PBXBuildFile; fileRef = 8F91E279CD9A5267D297D879 /* OnboardingView.swift */; };
		33ADDC8EA1D8AC74D9DF767C /* ActivityLogView.swift in Sources */ = {isa = PBXBuildFile; fileRef = 5F6A8328CDB984AA4FD6389E /* ActivityLogView.swift */; };
		420DBE86D292AA3BB817BF4A /* SymvibeKit in Frameworks */ = {isa = PBXBuildFile; productRef = 6B76F6187E8B88B33A558743 /* SymvibeKit */; };
		42F9421943E7B704B04EDA44 /* EngineManager.swift in Sources */ = {isa = PBXBuildFile; fileRef = 2533DFB48FD93859F2B67D17 /* EngineManager.swift */; };
		5CA1E097EA2100F8D4DDF5D9 /* DoctorView.swift in Sources */ = {isa = PBXBuildFile; fileRef = AF6EC7E85B9555FD383620AA /* DoctorView.swift */; };
		62C905BD4286F636790F8E58 /* RepoPickerView.swift in Sources */ = {isa = PBXBuildFile; fileRef = DB45934DD59A95094F3188C9 /* RepoPickerView.swift */; };
		65FAB0C71DA6C4C265B127E5 /* PairingQRView.swift in Sources */ = {isa = PBXBuildFile; fileRef = 6F74B4A4C1A944BF7AFB5FEC /* PairingQRView.swift */; };
		7BFF0E88BC8F0A20DFD4F917 /* OnboardingView.swift in Sources */ = {isa = PBXBuildFile; fileRef = 8F91E279CD9A5267D297D879 /* OnboardingView.swift */; };
		81D9944597B31BCCEDA6CE4C /* SymvibeApp.swift in Sources */ = {isa = PBXBuildFile; fileRef = 66B08466C6C1CD4305ED9A0F /* SymvibeApp.swift */; };
		847FAB3F8BC3FC9F80161013 /* PairingQRView.swift in Sources */ = {isa = PBXBuildFile; fileRef = 6F74B4A4C1A944BF7AFB5FEC /* PairingQRView.swift */; };
		917304043D126A3DC227C0A9 /* ContentView.swift in Sources */ = {isa = PBXBuildFile; fileRef = C00F71A317448F9FA2C215DC /* ContentView.swift */; };
		9B1F9B405248C471A5E828AF /* StepEditorView.swift in Sources */ = {isa = PBXBuildFile; fileRef = 866D9AD7A8BE564297828C9F /* StepEditorView.swift */; };
		A8370641E8F31226287C7313 /* RepoPickerView.swift in Sources */ = {isa = PBXBuildFile; fileRef = DB45934DD59A95094F3188C9 /* RepoPickerView.swift */; };
		AFA7BB65E32FA126CE4C72C6 /* StepEditorView.swift in Sources */ = {isa = PBXBuildFile; fileRef = 866D9AD7A8BE564297828C9F /* StepEditorView.swift */; };
		BCF1563A3B400BAE55C19AD7 /* ContentView.swift in Sources */ = {isa = PBXBuildFile; fileRef = C00F71A317448F9FA2C215DC /* ContentView.swift */; };
		C41DC7F9A2CB3D02AB160643 /* BoardView.swift in Sources */ = {isa = PBXBuildFile; fileRef = 754B7074A7B56E752D222358 /* BoardView.swift */; };
		CA34E4A7B139C034C5EDC728 /* ActivityLogView.swift in Sources */ = {isa = PBXBuildFile; fileRef = 5F6A8328CDB984AA4FD6389E /* ActivityLogView.swift */; };
		ECCABB055892E8738049C63F /* BoardView.swift in Sources */ = {isa = PBXBuildFile; fileRef = 754B7074A7B56E752D222358 /* BoardView.swift */; };
/* End PBXBuildFile section */

/* Begin PBXFileReference section */
		2533DFB48FD93859F2B67D17 /* EngineManager.swift */ = {isa = PBXFileReference; lastKnownFileType = sourcecode.swift; path = EngineManager.swift; sourceTree = "<group>"; };
		2C05DF751B0AD3D09AB420EA /* client */ = {isa = PBXFileReference; lastKnownFileType = folder; name = client; path = .; sourceTree = SOURCE_ROOT; };
		5F6A8328CDB984AA4FD6389E /* ActivityLogView.swift */ = {isa = PBXFileReference; lastKnownFileType = sourcecode.swift; path = ActivityLogView.swift; sourceTree = "<group>"; };
		5FCBF747EF7A55CD255B6738 /* Symvibe-iOS.app */ = {isa = PBXFileReference; includeInIndex = 0; lastKnownFileType = wrapper.application; path = "Symvibe-iOS.app"; sourceTree = BUILT_PRODUCTS_DIR; };
		66B08466C6C1CD4305ED9A0F /* SymvibeApp.swift */ = {isa = PBXFileReference; lastKnownFileType = sourcecode.swift; path = SymvibeApp.swift; sourceTree = "<group>"; };
		6F74B4A4C1A944BF7AFB5FEC /* PairingQRView.swift */ = {isa = PBXFileReference; lastKnownFileType = sourcecode.swift; path = PairingQRView.swift; sourceTree = "<group>"; };
		754B7074A7B56E752D222358 /* BoardView.swift */ = {isa = PBXFileReference; lastKnownFileType = sourcecode.swift; path = BoardView.swift; sourceTree = "<group>"; };
		866D9AD7A8BE564297828C9F /* StepEditorView.swift */ = {isa = PBXFileReference; lastKnownFileType = sourcecode.swift; path = StepEditorView.swift; sourceTree = "<group>"; };
		8F91E279CD9A5267D297D879 /* OnboardingView.swift */ = {isa = PBXFileReference; lastKnownFileType = sourcecode.swift; path = OnboardingView.swift; sourceTree = "<group>"; };
		AF6EC7E85B9555FD383620AA /* DoctorView.swift */ = {isa = PBXFileReference; lastKnownFileType = sourcecode.swift; path = DoctorView.swift; sourceTree = "<group>"; };
		B3047F873C59E29238A29C1E /* Symvibe.app */ = {isa = PBXFileReference; explicitFileType = wrapper.application; includeInIndex = 0; path = Symvibe.app; sourceTree = BUILT_PRODUCTS_DIR; };
		B413B943AB92A8EEF1A40C38 /* Info.plist */ = {isa = PBXFileReference; lastKnownFileType = text.plist; path = Info.plist; sourceTree = "<group>"; };
		C00F71A317448F9FA2C215DC /* ContentView.swift */ = {isa = PBXFileReference; lastKnownFileType = sourcecode.swift; path = ContentView.swift; sourceTree = "<group>"; };
		DB45934DD59A95094F3188C9 /* RepoPickerView.swift */ = {isa = PBXFileReference; lastKnownFileType = sourcecode.swift; path = RepoPickerView.swift; sourceTree = "<group>"; };
/* End PBXFileReference section */

/* Begin PBXFrameworksBuildPhase section */
		114B7BA085AEA73062B2311C /* Frameworks */ = {
			isa = PBXFrameworksBuildPhase;
			buildActionMask = 2147483647;
			files = (
				420DBE86D292AA3BB817BF4A /* SymvibeKit in Frameworks */,
			);
			runOnlyForDeploymentPostprocessing = 0;
		};
		44B4117274B6809B8041BDB1 /* Frameworks */ = {
			isa = PBXFrameworksBuildPhase;
			buildActionMask = 2147483647;
			files = (
				067062F696E3D9F24E10A6F7 /* SymvibeKit in Frameworks */,
			);
			runOnlyForDeploymentPostprocessing = 0;
		};
/* End PBXFrameworksBuildPhase section */

/* Begin PBXGroup section */
		2E366D148251B477CDB046F5 /* Views */ = {
			isa = PBXGroup;
			children = (
				5F6A8328CDB984AA4FD6389E /* ActivityLogView.swift */,
				754B7074A7B56E752D222358 /* BoardView.swift */,
				C00F71A317448F9FA2C215DC /* ContentView.swift */,
				AF6EC7E85B9555FD383620AA /* DoctorView.swift */,
				8F91E279CD9A5267D297D879 /* OnboardingView.swift */,
				6F74B4A4C1A944BF7AFB5FEC /* PairingQRView.swift */,
				DB45934DD59A95094F3188C9 /* RepoPickerView.swift */,
				866D9AD7A8BE564297828C9F /* StepEditorView.swift */,
			);
			path = Views;
			sourceTree = "<group>";
		};
		B2F33B65A4727A4F22F4A473 = {
			isa = PBXGroup;
			children = (
				E6D96B5BEB1AA21355C44966 /* Packages */,
				FBBBF7453AC15EF9071F4AAD /* SymvibeApp */,
				B6917DEF0C06A85EE4676477 /* Products */,
			);
			sourceTree = "<group>";
		};
		B6917DEF0C06A85EE4676477 /* Products */ = {
			isa = PBXGroup;
			children = (
				5FCBF747EF7A55CD255B6738 /* Symvibe-iOS.app */,
				B3047F873C59E29238A29C1E /* Symvibe.app */,
			);
			name = Products;
			sourceTree = "<group>";
		};
		E6D96B5BEB1AA21355C44966 /* Packages */ = {
			isa = PBXGroup;
			children = (
				2C05DF751B0AD3D09AB420EA /* client */,
			);
			name = Packages;
			sourceTree = "<group>";
		};
		FBBBF7453AC15EF9071F4AAD /* SymvibeApp */ = {
			isa = PBXGroup;
			children = (
				2E366D148251B477CDB046F5 /* Views */,
				2533DFB48FD93859F2B67D17 /* EngineManager.swift */,
				B413B943AB92A8EEF1A40C38 /* Info.plist */,
				66B08466C6C1CD4305ED9A0F /* SymvibeApp.swift */,
			);
			name = SymvibeApp;
			path = Sources/SymvibeApp;
			sourceTree = "<group>";
		};
/* End PBXGroup section */

/* Begin PBXNativeTarget section */
		8AC1A5A418D2FDA5A1A178EC /* Symvibe */ = {
			isa = PBXNativeTarget;
			buildConfigurationList = FE44C621B65840B742396F90 /* Build configuration list for PBXNativeTarget "Symvibe" */;
			buildPhases = (
				94B6B803440FD0A8D9CF777A /* Sources */,
				114B7BA085AEA73062B2311C /* Frameworks */,
				E35B751470AA4FF266BF7789 /* Embed symvibe Engine */,
			);
			buildRules = (
			);
			dependencies = (
			);
			name = Symvibe;
			packageProductDependencies = (
				6B76F6187E8B88B33A558743 /* SymvibeKit */,
			);
			productName = Symvibe;
			productReference = B3047F873C59E29238A29C1E /* Symvibe.app */;
			productType = "com.apple.product-type.application";
		};
		B54F68C3E2E8B4CCA9E6F1AB /* Symvibe-iOS */ = {
			isa = PBXNativeTarget;
			buildConfigurationList = CB998844C02EEB0B712A714E /* Build configuration list for PBXNativeTarget "Symvibe-iOS" */;
			buildPhases = (
				64FF8B26005C91CFE7E67608 /* Sources */,
				44B4117274B6809B8041BDB1 /* Frameworks */,
			);
			buildRules = (
			);
			dependencies = (
			);
			name = "Symvibe-iOS";
			packageProductDependencies = (
				7798CDD0F1DBBACD568BE3F9 /* SymvibeKit */,
			);
			productName = "Symvibe-iOS";
			productReference = 5FCBF747EF7A55CD255B6738 /* Symvibe-iOS.app */;
			productType = "com.apple.product-type.application";
		};
/* End PBXNativeTarget section */

/* Begin PBXProject section */
		A44C2146FF61C99CE8D8BD82 /* Project object */ = {
			isa = PBXProject;
			attributes = {
				BuildIndependentTargetsInParallel = YES;
				LastUpgradeCheck = 1600;
				TargetAttributes = {
					8AC1A5A418D2FDA5A1A178EC = {
						ProvisioningStyle = Manual;
					};
					B54F68C3E2E8B4CCA9E6F1AB = {
						ProvisioningStyle = Automatic;
					};
				};
			};
			buildConfigurationList = E46DFDE94A97B2DD3EB73D51 /* Build configuration list for PBXProject "Symvibe" */;
			developmentRegion = en;
			hasScannedForEncodings = 0;
			knownRegions = (
				Base,
				en,
			);
			mainGroup = B2F33B65A4727A4F22F4A473;
			minimizedProjectReferenceProxies = 1;
			packageReferences = (
				745F9B3570F0A928E426407E /* XCLocalSwiftPackageReference "." */,
			);
			preferredProjectObjectVersion = 77;
			productRefGroup = B6917DEF0C06A85EE4676477 /* Products */;
			projectDirPath = "";
			projectRoot = "";
			targets = (
				8AC1A5A418D2FDA5A1A178EC /* Symvibe */,
				B54F68C3E2E8B4CCA9E6F1AB /* Symvibe-iOS */,
			);
		};
/* End PBXProject section */

/* Begin PBXShellScriptBuildPhase section */
		E35B751470AA4FF266BF7789 /* Embed symvibe Engine */ = {
			isa = PBXShellScriptBuildPhase;
			alwaysOutOfDate = 1;
			buildActionMask = 2147483647;
			files = (
			);
			inputFileListPaths = (
			);
			inputPaths = (
			);
			name = "Embed symvibe Engine";
			outputFileListPaths = (
			);
			outputPaths = (
			);
			runOnlyForDeploymentPostprocessing = 0;
			shellPath = /bin/sh;
			shellScript = "# Copy the pre-built symvibe binary into Contents/Resources.\n# Build it first: cd .. && make build\nSRC=\"${PROJECT_DIR}/../symvibe\"\nDST=\"${BUILT_PRODUCTS_DIR}/${CONTENTS_FOLDER_PATH}/Resources\"\nif [ -f \"$SRC\" ]; then\n  mkdir -p \"$DST\"\n  cp \"$SRC\" \"$DST/symvibe\"\n  chmod +x \"$DST/symvibe\"\n  echo \"Embedded symvibe binary into $DST/symvibe\"\nelse\n  echo \"warning: symvibe binary not found at $SRC — run 'make build' first\"\nfi\n";
		};
/* End PBXShellScriptBuildPhase section */

/* Begin PBXSourcesBuildPhase section */
		64FF8B26005C91CFE7E67608 /* Sources */ = {
			isa = PBXSourcesBuildPhase;
			buildActionMask = 2147483647;
			files = (
				33ADDC8EA1D8AC74D9DF767C /* ActivityLogView.swift in Sources */,
				ECCABB055892E8738049C63F /* BoardView.swift in Sources */,
				917304043D126A3DC227C0A9 /* ContentView.swift in Sources */,
				5CA1E097EA2100F8D4DDF5D9 /* DoctorView.swift in Sources */,
				203971F2C96A8EF3F86DD167 /* EngineManager.swift in Sources */,
				7BFF0E88BC8F0A20DFD4F917 /* OnboardingView.swift in Sources */,
				847FAB3F8BC3FC9F80161013 /* PairingQRView.swift in Sources */,
				62C905BD4286F636790F8E58 /* RepoPickerView.swift in Sources */,
				9B1F9B405248C471A5E828AF /* StepEditorView.swift in Sources */,
				15993F71526A380CC9137F2D /* SymvibeApp.swift in Sources */,
			);
			runOnlyForDeploymentPostprocessing = 0;
		};
		94B6B803440FD0A8D9CF777A /* Sources */ = {
			isa = PBXSourcesBuildPhase;
			buildActionMask = 2147483647;
			files = (
				CA34E4A7B139C034C5EDC728 /* ActivityLogView.swift in Sources */,
				C41DC7F9A2CB3D02AB160643 /* BoardView.swift in Sources */,
				BCF1563A3B400BAE55C19AD7 /* ContentView.swift in Sources */,
				0E4AEC1D32093302D2B1553D /* DoctorView.swift in Sources */,
				42F9421943E7B704B04EDA44 /* EngineManager.swift in Sources */,
				2347E95F24900BB1A7D16401 /* OnboardingView.swift in Sources */,
				65FAB0C71DA6C4C265B127E5 /* PairingQRView.swift in Sources */,
				A8370641E8F31226287C7313 /* RepoPickerView.swift in Sources */,
				AFA7BB65E32FA126CE4C72C6 /* StepEditorView.swift in Sources */,
				81D9944597B31BCCEDA6CE4C /* SymvibeApp.swift in Sources */,
			);
			runOnlyForDeploymentPostprocessing = 0;
		};
/* End PBXSourcesBuildPhase section */

/* Begin XCBuildConfiguration section */
		25B3DC0D6261D4FFA4784571 /* Debug */ = {
			isa = XCBuildConfiguration;
			buildSettings = {
				ALWAYS_SEARCH_USER_PATHS = NO;
				CLANG_ANALYZER_NONNULL = YES;
				CLANG_ANALYZER_NUMBER_OBJECT_CONVERSION = YES_AGGRESSIVE;
				CLANG_CXX_LANGUAGE_STANDARD = "gnu++14";
				CLANG_CXX_LIBRARY = "libc++";
				CLANG_ENABLE_MODULES = YES;
				CLANG_ENABLE_OBJC_ARC = YES;
				CLANG_ENABLE_OBJC_WEAK = YES;
				CLANG_WARN_BLOCK_CAPTURE_AUTORELEASING = YES;
				CLANG_WARN_BOOL_CONVERSION = YES;
				CLANG_WARN_COMMA = YES;
				CLANG_WARN_CONSTANT_CONVERSION = YES;
				CLANG_WARN_DEPRECATED_OBJC_IMPLEMENTATIONS = YES;
				CLANG_WARN_DIRECT_OBJC_ISA_USAGE = YES_ERROR;
				CLANG_WARN_DOCUMENTATION_COMMENTS = YES;
				CLANG_WARN_EMPTY_BODY = YES;
				CLANG_WARN_ENUM_CONVERSION = YES;
				CLANG_WARN_INFINITE_RECURSION = YES;
				CLANG_WARN_INT_CONVERSION = YES;
				CLANG_WARN_NON_LITERAL_NULL_CONVERSION = YES;
				CLANG_WARN_OBJC_IMPLICIT_RETAIN_SELF = YES;
				CLANG_WARN_OBJC_LITERAL_CONVERSION = YES;
				CLANG_WARN_OBJC_ROOT_CLASS = YES_ERROR;
				CLANG_WARN_QUOTED_INCLUDE_IN_FRAMEWORK_HEADER = YES;
				CLANG_WARN_RANGE_LOOP_ANALYSIS = YES;
				CLANG_WARN_STRICT_PROTOTYPES = YES;
				CLANG_WARN_SUSPICIOUS_MOVE = YES;
				CLANG_WARN_UNGUARDED_AVAILABILITY = YES_AGGRESSIVE;
				CLANG_WARN_UNREACHABLE_CODE = YES;
				CLANG_WARN__DUPLICATE_METHOD_MATCH = YES;
				COPY_PHASE_STRIP = NO;
				CURRENT_PROJECT_VERSION = 1;
				DEBUG_INFORMATION_FORMAT = dwarf;
				ENABLE_STRICT_OBJC_MSGSEND = YES;
				ENABLE_TESTABILITY = YES;
				GCC_C_LANGUAGE_STANDARD = gnu11;
				GCC_DYNAMIC_NO_PIC = NO;
				GCC_NO_COMMON_BLOCKS = YES;
				GCC_OPTIMIZATION_LEVEL = 0;
				GCC_PREPROCESSOR_DEFINITIONS = (
					"$(inherited)",
					"DEBUG=1",
				);
				GCC_WARN_64_TO_32_BIT_CONVERSION = YES;
				GCC_WARN_ABOUT_RETURN_TYPE = YES_ERROR;
				GCC_WARN_UNDECLARED_SELECTOR = YES;
				GCC_WARN_UNINITIALIZED_AUTOS = YES_AGGRESSIVE;
				GCC_WARN_UNUSED_FUNCTION = YES;
				GCC_WARN_UNUSED_VARIABLE = YES;
				IPHONEOS_DEPLOYMENT_TARGET = 17.0;
				MACOSX_DEPLOYMENT_TARGET = 14.0;
				MARKETING_VERSION = 0.1.0;
				MTL_ENABLE_DEBUG_INFO = INCLUDE_SOURCE;
				MTL_FAST_MATH = YES;
				ONLY_ACTIVE_ARCH = YES;
				PRODUCT_NAME = "$(TARGET_NAME)";
				SWIFT_ACTIVE_COMPILATION_CONDITIONS = DEBUG;
				SWIFT_OPTIMIZATION_LEVEL = "-Onone";
				SWIFT_VERSION = 6.0;
			};
			name = Debug;
		};
		6F4D90D8E25992AE627E376F /* Debug */ = {
			isa = XCBuildConfiguration;
			buildSettings = {
				ASSETCATALOG_COMPILER_APPICON_NAME = AppIcon;
				CODE_SIGN_IDENTITY = "";
				CODE_SIGN_STYLE = Automatic;
				INFOPLIST_FILE = Sources/SymvibeApp/Info.plist;
				LD_RUNPATH_SEARCH_PATHS = (
					"$(inherited)",
					"@executable_path/Frameworks",
				);
				PRODUCT_BUNDLE_IDENTIFIER = dev.symaira.Symvibe;
				SDKROOT = iphoneos;
				TARGETED_DEVICE_FAMILY = "1,2";
			};
			name = Debug;
		};
		BD376B7ED54B5FF0E898305F /* Release */ = {
			isa = XCBuildConfiguration;
			buildSettings = {
				ASSETCATALOG_COMPILER_APPICON_NAME = AppIcon;
				CODE_SIGN_ENTITLEMENTS = Symvibe.entitlements;
				CODE_SIGN_IDENTITY = "-";
				CODE_SIGN_STYLE = Manual;
				COMBINE_HIDPI_IMAGES = YES;
				ENABLE_HARDENED_RUNTIME = YES;
				INFOPLIST_FILE = Sources/SymvibeApp/Info.plist;
				LD_RUNPATH_SEARCH_PATHS = (
					"$(inherited)",
					"@executable_path/../Frameworks",
				);
				PRODUCT_BUNDLE_IDENTIFIER = dev.symaira.Symvibe;
				SDKROOT = macosx;
			};
			name = Release;
		};
		BD6CA6028C771F10D34885A5 /* Release */ = {
			isa = XCBuildConfiguration;
			buildSettings = {
				ASSETCATALOG_COMPILER_APPICON_NAME = AppIcon;
				CODE_SIGN_IDENTITY = "";
				CODE_SIGN_STYLE = Automatic;
				INFOPLIST_FILE = Sources/SymvibeApp/Info.plist;
				LD_RUNPATH_SEARCH_PATHS = (
					"$(inherited)",
					"@executable_path/Frameworks",
				);
				PRODUCT_BUNDLE_IDENTIFIER = dev.symaira.Symvibe;
				SDKROOT = iphoneos;
				TARGETED_DEVICE_FAMILY = "1,2";
			};
			name = Release;
		};
		E8434C41E6964B0F5FF6612D /* Release */ = {
			isa = XCBuildConfiguration;
			buildSettings = {
				ALWAYS_SEARCH_USER_PATHS = NO;
				CLANG_ANALYZER_NONNULL = YES;
				CLANG_ANALYZER_NUMBER_OBJECT_CONVERSION = YES_AGGRESSIVE;
				CLANG_CXX_LANGUAGE_STANDARD = "gnu++14";
				CLANG_CXX_LIBRARY = "libc++";
				CLANG_ENABLE_MODULES = YES;
				CLANG_ENABLE_OBJC_ARC = YES;
				CLANG_ENABLE_OBJC_WEAK = YES;
				CLANG_WARN_BLOCK_CAPTURE_AUTORELEASING = YES;
				CLANG_WARN_BOOL_CONVERSION = YES;
				CLANG_WARN_COMMA = YES;
				CLANG_WARN_CONSTANT_CONVERSION = YES;
				CLANG_WARN_DEPRECATED_OBJC_IMPLEMENTATIONS = YES;
				CLANG_WARN_DIRECT_OBJC_ISA_USAGE = YES_ERROR;
				CLANG_WARN_DOCUMENTATION_COMMENTS = YES;
				CLANG_WARN_EMPTY_BODY = YES;
				CLANG_WARN_ENUM_CONVERSION = YES;
				CLANG_WARN_INFINITE_RECURSION = YES;
				CLANG_WARN_INT_CONVERSION = YES;
				CLANG_WARN_NON_LITERAL_NULL_CONVERSION = YES;
				CLANG_WARN_OBJC_IMPLICIT_RETAIN_SELF = YES;
				CLANG_WARN_OBJC_LITERAL_CONVERSION = YES;
				CLANG_WARN_OBJC_ROOT_CLASS = YES_ERROR;
				CLANG_WARN_QUOTED_INCLUDE_IN_FRAMEWORK_HEADER = YES;
				CLANG_WARN_RANGE_LOOP_ANALYSIS = YES;
				CLANG_WARN_STRICT_PROTOTYPES = YES;
				CLANG_WARN_SUSPICIOUS_MOVE = YES;
				CLANG_WARN_UNGUARDED_AVAILABILITY = YES_AGGRESSIVE;
				CLANG_WARN_UNREACHABLE_CODE = YES;
				CLANG_WARN__DUPLICATE_METHOD_MATCH = YES;
				COPY_PHASE_STRIP = NO;
				CURRENT_PROJECT_VERSION = 1;
				DEBUG_INFORMATION_FORMAT = "dwarf-with-dsym";
				ENABLE_NS_ASSERTIONS = NO;
				ENABLE_STRICT_OBJC_MSGSEND = YES;
				GCC_C_LANGUAGE_STANDARD = gnu11;
				GCC_NO_COMMON_BLOCKS = YES;
				GCC_WARN_64_TO_32_BIT_CONVERSION = YES;
				GCC_WARN_ABOUT_RETURN_TYPE = YES_ERROR;
				GCC_WARN_UNDECLARED_SELECTOR = YES;
				GCC_WARN_UNINITIALIZED_AUTOS = YES_AGGRESSIVE;
				GCC_WARN_UNUSED_FUNCTION = YES;
				GCC_WARN_UNUSED_VARIABLE = YES;
				IPHONEOS_DEPLOYMENT_TARGET = 17.0;
				MACOSX_DEPLOYMENT_TARGET = 14.0;
				MARKETING_VERSION = 0.1.0;
				MTL_ENABLE_DEBUG_INFO = NO;
				MTL_FAST_MATH = YES;
				PRODUCT_NAME = "$(TARGET_NAME)";
				SWIFT_COMPILATION_MODE = wholemodule;
				SWIFT_OPTIMIZATION_LEVEL = "-O";
				SWIFT_VERSION = 6.0;
			};
			name = Release;
		};
		F3BF39F2E1D2E490A8F74414 /* Debug */ = {
			isa = XCBuildConfiguration;
			buildSettings = {
				ASSETCATALOG_COMPILER_APPICON_NAME = AppIcon;
				CODE_SIGN_ENTITLEMENTS = Symvibe.entitlements;
				CODE_SIGN_IDENTITY = "-";
				CODE_SIGN_STYLE = Manual;
				COMBINE_HIDPI_IMAGES = YES;
				ENABLE_HARDENED_RUNTIME = YES;
				INFOPLIST_FILE = Sources/SymvibeApp/Info.plist;
				LD_RUNPATH_SEARCH_PATHS = (
					"$(inherited)",
					"@executable_path/../Frameworks",
				);
				PRODUCT_BUNDLE_IDENTIFIER = dev.symaira.Symvibe;
				SDKROOT = macosx;
			};
			name = Debug;
		};
/* End XCBuildConfiguration section */

/* Begin XCConfigurationList section */
		CB998844C02EEB0B712A714E /* Build configuration list for PBXNativeTarget "Symvibe-iOS" */ = {
			isa = XCConfigurationList;
			buildConfigurations = (
				6F4D90D8E25992AE627E376F /* Debug */,
				BD6CA6028C771F10D34885A5 /* Release */,
			);
			defaultConfigurationIsVisible = 0;
			defaultConfigurationName = Debug;
		};
		E46DFDE94A97B2DD3EB73D51 /* Build configuration list for PBXProject "Symvibe" */ = {
			isa = XCConfigurationList;
			buildConfigurations = (
				25B3DC0D6261D4FFA4784571 /* Debug */,
				E8434C41E6964B0F5FF6612D /* Release */,
			);
			defaultConfigurationIsVisible = 0;
			defaultConfigurationName = Debug;
		};
		FE44C621B65840B742396F90 /* Build configuration list for PBXNativeTarget "Symvibe" */ = {
			isa = XCConfigurationList;
			buildConfigurations = (
				F3BF39F2E1D2E490A8F74414 /* Debug */,
				BD376B7ED54B5FF0E898305F /* Release */,
			);
			defaultConfigurationIsVisible = 0;
			defaultConfigurationName = Debug;
		};
/* End XCConfigurationList section */

/* Begin XCLocalSwiftPackageReference section */
		745F9B3570F0A928E426407E /* XCLocalSwiftPackageReference "." */ = {
			isa = XCLocalSwiftPackageReference;
			relativePath = .;
		};
/* End XCLocalSwiftPackageReference section */

/* Begin XCSwiftPackageProductDependency section */
		6B76F6187E8B88B33A558743 /* SymvibeKit */ = {
			isa = XCSwiftPackageProductDependency;
			productName = SymvibeKit;
		};
		7798CDD0F1DBBACD568BE3F9 /* SymvibeKit */ = {
			isa = XCSwiftPackageProductDependency;
			productName = SymvibeKit;
		};
/* End XCSwiftPackageProductDependency section */
	};
	rootObject = A44C2146FF61C99CE8D8BD82 /* Project object */;
}
